// !$*UTF8*$!
{
	archiveVersion = 1;
	classes = {
	};
	objectVersion = 50;
	objects = {

/* Begin PBXBuildFile section */
		1111B89C268332A80093D994 /* DetailProductPresenter.swift in Sources */ = {isa = PBXBuildFile; fileRef = 1111B89B268332A80093D994 /* DetailProductPresenter.swift */; };
		1111B89F26836E400093D994 /* DetailProductViewPresenterContract.swift in Sources */ = {isa = PBXBuildFile; fileRef = 1111B89E26836E400093D994 /* DetailProductViewPresenterContract.swift */; };
		113531C42678D97B006245F1 /* AssemblyModuleBuilder.swift in Sources */ = {isa = PBXBuildFile; fileRef = 113531C32678D97B006245F1 /* AssemblyModuleBuilder.swift */; };
		113531CF2678E962006245F1 /* ExtensionDelegate.swift in Sources */ = {isa = PBXBuildFile; fileRef = 113531CE2678E962006245F1 /* ExtensionDelegate.swift */; };
		113531FB267A04F0006245F1 /* ProductsScreenContract.swift in Sources */ = {isa = PBXBuildFile; fileRef = 113531FA267A04F0006245F1 /* ProductsScreenContract.swift */; };
		116112842681DF92004AB021 /* DetailViewController.storyboard in Resources */ = {isa = PBXBuildFile; fileRef = 116112832681DF92004AB021 /* DetailViewController.storyboard */; };
		11999EE92680AD0400BF7496 /* RoutingContract.swift in Sources */ = {isa = PBXBuildFile; fileRef = 11999EE82680AD0400BF7496 /* RoutingContract.swift */; };
		11999EEB2680AD1E00BF7496 /* BuilderContract.swift in Sources */ = {isa = PBXBuildFile; fileRef = 11999EEA2680AD1E00BF7496 /* BuilderContract.swift */; };
		11999EED2680ADFA00BF7496 /* NetworkServiceContract.swift in Sources */ = {isa = PBXBuildFile; fileRef = 11999EEC2680ADFA00BF7496 /* NetworkServiceContract.swift */; };
		11999EF92680CC2200BF7496 /* DetailViewController.swift in Sources */ = {isa = PBXBuildFile; fileRef = 11999EF72680CC2200BF7496 /* DetailViewController.swift */; };
		11AD86AE268C626400B8B54F /* UIViewController_activity.swift in Sources */ = {isa = PBXBuildFile; fileRef = 11AD86AD268C626400B8B54F /* UIViewController_activity.swift */; };
		11E4F28926807F7600B5FC4E /* Router.swift in Sources */ = {isa = PBXBuildFile; fileRef = 11E4F28826807F7600B5FC4E /* Router.swift */; };
		F8183F4E266A26DF0098CE60 /* Product.swift in Sources */ = {isa = PBXBuildFile; fileRef = F8183F4D266A26DF0098CE60 /* Product.swift */; };
		F839AEA02666476300CC44C3 /* AppDelegate.swift in Sources */ = {isa = PBXBuildFile; fileRef = F839AE9F2666476300CC44C3 /* AppDelegate.swift */; };
		F839AEA22666476300CC44C3 /* SceneDelegate.swift in Sources */ = {isa = PBXBuildFile; fileRef = F839AEA12666476300CC44C3 /* SceneDelegate.swift */; };
		F839AEA42666476300CC44C3 /* ProductViewController.swift in Sources */ = {isa = PBXBuildFile; fileRef = F839AEA32666476300CC44C3 /* ProductViewController.swift */; };
		F839AEA72666476300CC44C3 /* Main.storyboard in Resources */ = {isa = PBXBuildFile; fileRef = F839AEA52666476300CC44C3 /* Main.storyboard */; };
		F839AEA92666476400CC44C3 /* Assets.xcassets in Resources */ = {isa = PBXBuildFile; fileRef = F839AEA82666476400CC44C3 /* Assets.xcassets */; };
		F839AEAC2666476400CC44C3 /* LaunchScreen.storyboard in Resources */ = {isa = PBXBuildFile; fileRef = F839AEAA2666476400CC44C3 /* LaunchScreen.storyboard */; };
		F8532B6926667A220002C77A /* CartViewController.swift in Sources */ = {isa = PBXBuildFile; fileRef = F8532B6826667A220002C77A /* CartViewController.swift */; };
		F85B79FE26676C9D00368F65 /* HistoryViewController.swift in Sources */ = {isa = PBXBuildFile; fileRef = F85B79FD26676C9D00368F65 /* HistoryViewController.swift */; };
		F86A3D84266F601000A519AF /* NetworkService.swift in Sources */ = {isa = PBXBuildFile; fileRef = F86A3D83266F601000A519AF /* NetworkService.swift */; };
		F86A3D88266F639600A519AF /* ExtensionDataSource.swift in Sources */ = {isa = PBXBuildFile; fileRef = F86A3D87266F639600A519AF /* ExtensionDataSource.swift */; };
		F86A3D8F266F6B3400A519AF /* ProductCollectionViewCell.swift in Sources */ = {isa = PBXBuildFile; fileRef = F86A3D8E266F6B3400A519AF /* ProductCollectionViewCell.swift */; };
		F880B5FB266DF5E5000EDA09 /* ProductListPresenter.swift in Sources */ = {isa = PBXBuildFile; fileRef = F880B5FA266DF5E5000EDA09 /* ProductListPresenter.swift */; };
		F8D4BC062668DC0700D537BF /* TabBarViewController.swift in Sources */ = {isa = PBXBuildFile; fileRef = F8D4BC052668DC0700D537BF /* TabBarViewController.swift */; };
		F8D9EFA9268F1E7100BBB376 /* UIScrollView_refresh.swift in Sources */ = {isa = PBXBuildFile; fileRef = F8D9EFA8268F1E7100BBB376 /* UIScrollView_refresh.swift */; };
/* End PBXBuildFile section */

/* Begin PBXFileReference section */
		1111B89B268332A80093D994 /* DetailProductPresenter.swift */ = {isa = PBXFileReference; lastKnownFileType = sourcecode.swift; path = DetailProductPresenter.swift; sourceTree = "<group>"; };
		1111B89E26836E400093D994 /* DetailProductViewPresenterContract.swift */ = {isa = PBXFileReference; lastKnownFileType = sourcecode.swift; path = DetailProductViewPresenterContract.swift; sourceTree = "<group>"; };
		113531C32678D97B006245F1 /* AssemblyModuleBuilder.swift */ = {isa = PBXFileReference; lastKnownFileType = sourcecode.swift; path = AssemblyModuleBuilder.swift; sourceTree = "<group>"; };
		113531CE2678E962006245F1 /* ExtensionDelegate.swift */ = {isa = PBXFileReference; lastKnownFileType = sourcecode.swift; path = ExtensionDelegate.swift; sourceTree = "<group>"; };
		113531FA267A04F0006245F1 /* ProductsScreenContract.swift */ = {isa = PBXFileReference; lastKnownFileType = sourcecode.swift; path = ProductsScreenContract.swift; sourceTree = "<group>"; };
		116112832681DF92004AB021 /* DetailViewController.storyboard */ = {isa = PBXFileReference; lastKnownFileType = file.storyboard; path = DetailViewController.storyboard; sourceTree = "<group>"; };
		11999EE82680AD0400BF7496 /* RoutingContract.swift */ = {isa = PBXFileReference; lastKnownFileType = sourcecode.swift; path = RoutingContract.swift; sourceTree = "<group>"; };
		11999EEA2680AD1E00BF7496 /* BuilderContract.swift */ = {isa = PBXFileReference; lastKnownFileType = sourcecode.swift; path = BuilderContract.swift; sourceTree = "<group>"; };
		11999EEC2680ADFA00BF7496 /* NetworkServiceContract.swift */ = {isa = PBXFileReference; lastKnownFileType = sourcecode.swift; path = NetworkServiceContract.swift; sourceTree = "<group>"; };
		11999EF72680CC2200BF7496 /* DetailViewController.swift */ = {isa = PBXFileReference; lastKnownFileType = sourcecode.swift; path = DetailViewController.swift; sourceTree = "<group>"; };
		11AD86AD268C626400B8B54F /* UIViewController_activity.swift */ = {isa = PBXFileReference; lastKnownFileType = sourcecode.swift; path = UIViewController_activity.swift; sourceTree = "<group>"; };
		11E4F28826807F7600B5FC4E /* Router.swift */ = {isa = PBXFileReference; lastKnownFileType = sourcecode.swift; path = Router.swift; sourceTree = "<group>"; };
		F8183F4D266A26DF0098CE60 /* Product.swift */ = {isa = PBXFileReference; lastKnownFileType = sourcecode.swift; path = Product.swift; sourceTree = "<group>"; };
		F839AE9C2666476300CC44C3 /* OnlineShopIOS.app */ = {isa = PBXFileReference; explicitFileType = wrapper.application; includeInIndex = 0; path = OnlineShopIOS.app; sourceTree = BUILT_PRODUCTS_DIR; };
		F839AE9F2666476300CC44C3 /* AppDelegate.swift */ = {isa = PBXFileReference; lastKnownFileType = sourcecode.swift; path = AppDelegate.swift; sourceTree = "<group>"; };
		F839AEA12666476300CC44C3 /* SceneDelegate.swift */ = {isa = PBXFileReference; lastKnownFileType = sourcecode.swift; path = SceneDelegate.swift; sourceTree = "<group>"; };
		F839AEA32666476300CC44C3 /* ProductViewController.swift */ = {isa = PBXFileReference; lastKnownFileType = sourcecode.swift; path = ProductViewController.swift; sourceTree = "<group>"; };
		F839AEA62666476300CC44C3 /* Base */ = {isa = PBXFileReference; lastKnownFileType = file.storyboard; name = Base; path = Base.lproj/Main.storyboard; sourceTree = "<group>"; };
		F839AEA82666476400CC44C3 /* Assets.xcassets */ = {isa = PBXFileReference; lastKnownFileType = folder.assetcatalog; path = Assets.xcassets; sourceTree = "<group>"; };
		F839AEAB2666476400CC44C3 /* Base */ = {isa = PBXFileReference; lastKnownFileType = file.storyboard; name = Base; path = Base.lproj/LaunchScreen.storyboard; sourceTree = "<group>"; };
		F839AEAD2666476400CC44C3 /* Info.plist */ = {isa = PBXFileReference; lastKnownFileType = text.plist.xml; path = Info.plist; sourceTree = "<group>"; };
		F8532B6826667A220002C77A /* CartViewController.swift */ = {isa = PBXFileReference; lastKnownFileType = sourcecode.swift; path = CartViewController.swift; sourceTree = "<group>"; };
		F85B79FD26676C9D00368F65 /* HistoryViewController.swift */ = {isa = PBXFileReference; lastKnownFileType = sourcecode.swift; path = HistoryViewController.swift; sourceTree = "<group>"; };
		F86A3D83266F601000A519AF /* NetworkService.swift */ = {isa = PBXFileReference; lastKnownFileType = sourcecode.swift; path = NetworkService.swift; sourceTree = "<group>"; };
		F86A3D87266F639600A519AF /* ExtensionDataSource.swift */ = {isa = PBXFileReference; lastKnownFileType = sourcecode.swift; path = ExtensionDataSource.swift; sourceTree = "<group>"; };
		F86A3D8E266F6B3400A519AF /* ProductCollectionViewCell.swift */ = {isa = PBXFileReference; fileEncoding = 4; lastKnownFileType = sourcecode.swift; name = ProductCollectionViewCell.swift; path = OnlineShopIOS/Modules/ProductModule/View/Cell/ProductCollectionViewCell.swift; sourceTree = SOURCE_ROOT; };
		F880B5FA266DF5E5000EDA09 /* ProductListPresenter.swift */ = {isa = PBXFileReference; lastKnownFileType = sourcecode.swift; path = ProductListPresenter.swift; sourceTree = "<group>"; };
		F8D4BC052668DC0700D537BF /* TabBarViewController.swift */ = {isa = PBXFileReference; lastKnownFileType = sourcecode.swift; path = TabBarViewController.swift; sourceTree = "<group>"; };
		F8D9EFA8268F1E7100BBB376 /* UIScrollView_refresh.swift */ = {isa = PBXFileReference; lastKnownFileType = sourcecode.swift; path = UIScrollView_refresh.swift; sourceTree = "<group>"; };
/* End PBXFileReference section */

/* Begin PBXFrameworksBuildPhase section */
		F839AE992666476300CC44C3 /* Frameworks */ = {
			isa = PBXFrameworksBuildPhase;
			buildActionMask = 2147483647;
			files = (
			);
			runOnlyForDeploymentPostprocessing = 0;
		};
/* End PBXFrameworksBuildPhase section */

/* Begin PBXGroup section */
		1111B89D26836DFF0093D994 /* Protocols */ = {
			isa = PBXGroup;
			children = (
				1111B89E26836E400093D994 /* DetailProductViewPresenterContract.swift */,
			);
			path = Protocols;
			sourceTree = "<group>";
		};
		1111B8A226851C670093D994 /* Presenter */ = {
			isa = PBXGroup;
			children = (
			);
			path = Presenter;
			sourceTree = "<group>";
		};
		1111B8A326851C790093D994 /* Presenter */ = {
			isa = PBXGroup;
			children = (
			);
			path = Presenter;
			sourceTree = "<group>";
		};
		11382316267A1C2000AF5225 /* Routing */ = {
			isa = PBXGroup;
			children = (
				11999EF32680AE9A00BF7496 /* Protocols */,
				11E4F28826807F7600B5FC4E /* Router.swift */,
			);
			path = Routing;
			sourceTree = "<group>";
		};
		11999EF02680AE6200BF7496 /* Protocols */ = {
			isa = PBXGroup;
			children = (
				113531FA267A04F0006245F1 /* ProductsScreenContract.swift */,
			);
			path = Protocols;
			sourceTree = "<group>";
		};
		11999EF12680AE7500BF7496 /* Protocols */ = {
			isa = PBXGroup;
			children = (
				11999EEC2680ADFA00BF7496 /* NetworkServiceContract.swift */,
			);
			path = Protocols;
			sourceTree = "<group>";
		};
		11999EF22680AE8200BF7496 /* Protocols */ = {
			isa = PBXGroup;
			children = (
				11999EEA2680AD1E00BF7496 /* BuilderContract.swift */,
			);
			path = Protocols;
			sourceTree = "<group>";
		};
		11999EF32680AE9A00BF7496 /* Protocols */ = {
			isa = PBXGroup;
			children = (
				11999EE82680AD0400BF7496 /* RoutingContract.swift */,
			);
			path = Protocols;
			sourceTree = "<group>";
		};
		11999EF42680CBF300BF7496 /* DetailModule */ = {
			isa = PBXGroup;
			children = (
				11999EF62680CC0900BF7496 /* Presenter */,
				11999EF52680CC0300BF7496 /* View */,
			);
			path = DetailModule;
			sourceTree = "<group>";
		};
		11999EF52680CC0300BF7496 /* View */ = {
			isa = PBXGroup;
			children = (
				11999EF72680CC2200BF7496 /* DetailViewController.swift */,
				116112832681DF92004AB021 /* DetailViewController.storyboard */,
			);
			path = View;
			sourceTree = "<group>";
		};
		11999EF62680CC0900BF7496 /* Presenter */ = {
			isa = PBXGroup;
			children = (
				1111B89D26836DFF0093D994 /* Protocols */,
				1111B89B268332A80093D994 /* DetailProductPresenter.swift */,
			);
			path = Presenter;
			sourceTree = "<group>";
		};
		F8183F4F266A36D90098CE60 /* Model */ = {
			isa = PBXGroup;
			children = (
				F8183F4D266A26DF0098CE60 /* Product.swift */,
			);
			path = Model;
			sourceTree = "<group>";
		};
		F8183F52266A37560098CE60 /* View */ = {
			isa = PBXGroup;
			children = (
				F839AEA32666476300CC44C3 /* ProductViewController.swift */,
			);
			path = View;
			sourceTree = "<group>";
		};
		F8183F56266A6C6A0098CE60 /* ProductModule */ = {
			isa = PBXGroup;
			children = (
				F8183F52266A37560098CE60 /* View */,
				F8183F57266A6CA30098CE60 /* Presenter */,
			);
			path = ProductModule;
			sourceTree = "<group>";
		};
		F8183F57266A6CA30098CE60 /* Presenter */ = {
			isa = PBXGroup;
			children = (
				F880B5FA266DF5E5000EDA09 /* ProductListPresenter.swift */,
				11999EF02680AE6200BF7496 /* Protocols */,
			);
			path = Presenter;
			sourceTree = "<group>";
		};
		F839AE932666476300CC44C3 = {
			isa = PBXGroup;
			children = (
				F839AE9E2666476300CC44C3 /* OnlineShopIOS */,
				F839AE9D2666476300CC44C3 /* Products */,
			);
			sourceTree = "<group>";
		};
		F839AE9D2666476300CC44C3 /* Products */ = {
			isa = PBXGroup;
			children = (
				F839AE9C2666476300CC44C3 /* OnlineShopIOS.app */,
			);
			name = Products;
			sourceTree = "<group>";
		};
		F839AE9E2666476300CC44C3 /* OnlineShopIOS */ = {
			isa = PBXGroup;
			children = (
				11382316267A1C2000AF5225 /* Routing */,
				F86A3D86266F637E00A519AF /* Extensions */,
				F8183F4F266A36D90098CE60 /* Model */,
				F86A3D8B266F6A5F00A519AF /* Common */,
				F86A3D77266F583300A519AF /* Modules */,
				F86A3D82266F5FF800A519AF /* NetworkService */,
				F86A3D81266F5A6F00A519AF /* Builder */,
				F86A3D80266F58D700A519AF /* SupportingFiles */,
			);
			path = OnlineShopIOS;
			sourceTree = "<group>";
		};
		F86A3D77266F583300A519AF /* Modules */ = {
			isa = PBXGroup;
			children = (
				11999EF42680CBF300BF7496 /* DetailModule */,
				F86A3D7C266F589D00A519AF /* HistoryModule */,
				F86A3D78266F584400A519AF /* CartModule */,
				F8183F56266A6C6A0098CE60 /* ProductModule */,
			);
			path = Modules;
			sourceTree = "<group>";
		};
		F86A3D78266F584400A519AF /* CartModule */ = {
			isa = PBXGroup;
			children = (
				1111B8A326851C790093D994 /* Presenter */,
				F86A3D79266F585B00A519AF /* View */,
			);
			path = CartModule;
			sourceTree = "<group>";
		};
		F86A3D79266F585B00A519AF /* View */ = {
			isa = PBXGroup;
			children = (
				F8532B6826667A220002C77A /* CartViewController.swift */,
			);
			path = View;
			sourceTree = "<group>";
		};
		F86A3D7C266F589D00A519AF /* HistoryModule */ = {
			isa = PBXGroup;
			children = (
				1111B8A226851C670093D994 /* Presenter */,
				F86A3D7D266F58A900A519AF /* View */,
			);
			path = HistoryModule;
			sourceTree = "<group>";
		};
		F86A3D7D266F58A900A519AF /* View */ = {
			isa = PBXGroup;
			children = (
				F85B79FD26676C9D00368F65 /* HistoryViewController.swift */,
			);
			path = View;
			sourceTree = "<group>";
		};
		F86A3D80266F58D700A519AF /* SupportingFiles */ = {
			isa = PBXGroup;
			children = (
				F839AE9F2666476300CC44C3 /* AppDelegate.swift */,
				F839AEA12666476300CC44C3 /* SceneDelegate.swift */,
				F839AEA52666476300CC44C3 /* Main.storyboard */,
				F839AEA82666476400CC44C3 /* Assets.xcassets */,
				F839AEAA2666476400CC44C3 /* LaunchScreen.storyboard */,
				F839AEAD2666476400CC44C3 /* Info.plist */,
			);
			path = SupportingFiles;
			sourceTree = "<group>";
		};
		F86A3D81266F5A6F00A519AF /* Builder */ = {
			isa = PBXGroup;
			children = (
				11999EF22680AE8200BF7496 /* Protocols */,
				113531C32678D97B006245F1 /* AssemblyModuleBuilder.swift */,
				F8D4BC052668DC0700D537BF /* TabBarViewController.swift */,
			);
			path = Builder;
			sourceTree = "<group>";
		};
		F86A3D82266F5FF800A519AF /* NetworkService */ = {
			isa = PBXGroup;
			children = (
				11999EF12680AE7500BF7496 /* Protocols */,
				F86A3D83266F601000A519AF /* NetworkService.swift */,
			);
			path = NetworkService;
			sourceTree = "<group>";
		};
		F86A3D86266F637E00A519AF /* Extensions */ = {
			isa = PBXGroup;
			children = (
				F86A3D87266F639600A519AF /* ExtensionDataSource.swift */,
				113531CE2678E962006245F1 /* ExtensionDelegate.swift */,
				11AD86AD268C626400B8B54F /* UIViewController_activity.swift */,
				F8D9EFA8268F1E7100BBB376 /* UIScrollView_refresh.swift */,
			);
			path = Extensions;
			sourceTree = "<group>";
		};
		F86A3D8B266F6A5F00A519AF /* Common */ = {
			isa = PBXGroup;
			children = (
				F86A3D8C266F6A6900A519AF /* Cells */,
			);
			path = Common;
			sourceTree = "<group>";
		};
		F86A3D8C266F6A6900A519AF /* Cells */ = {
			isa = PBXGroup;
			children = (
				F86A3D8D266F6A7100A519AF /* ProductCell */,
			);
			path = Cells;
			sourceTree = "<group>";
		};
		F86A3D8D266F6A7100A519AF /* ProductCell */ = {
			isa = PBXGroup;
			children = (
				F86A3D8E266F6B3400A519AF /* ProductCollectionViewCell.swift */,
			);
			path = ProductCell;
			sourceTree = "<group>";
		};
/* End PBXGroup section */

/* Begin PBXNativeTarget section */
		F839AE9B2666476300CC44C3 /* OnlineShopIOS */ = {
			isa = PBXNativeTarget;
			buildConfigurationList = F839AEB02666476400CC44C3 /* Build configuration list for PBXNativeTarget "OnlineShopIOS" */;
			buildPhases = (
				F839AE982666476300CC44C3 /* Sources */,
				F839AE992666476300CC44C3 /* Frameworks */,
				F839AE9A2666476300CC44C3 /* Resources */,
				F8532B67266649AB0002C77A /* Swiftlint */,
			);
			buildRules = (
			);
			dependencies = (
			);
			name = OnlineShopIOS;
			productName = OnlineShopIOS;
			productReference = F839AE9C2666476300CC44C3 /* OnlineShopIOS.app */;
			productType = "com.apple.product-type.application";
		};
/* End PBXNativeTarget section */

/* Begin PBXProject section */
		F839AE942666476300CC44C3 /* Project object */ = {
			isa = PBXProject;
			attributes = {
				LastSwiftUpdateCheck = 1250;
				LastUpgradeCheck = 1250;
				TargetAttributes = {
					F839AE9B2666476300CC44C3 = {
						CreatedOnToolsVersion = 12.5;
					};
				};
			};
			buildConfigurationList = F839AE972666476300CC44C3 /* Build configuration list for PBXProject "OnlineShopIOS" */;
			compatibilityVersion = "Xcode 9.3";
			developmentRegion = en;
			hasScannedForEncodings = 0;
			knownRegions = (
				en,
				Base,
			);
			mainGroup = F839AE932666476300CC44C3;
			productRefGroup = F839AE9D2666476300CC44C3 /* Products */;
			projectDirPath = "";
			projectRoot = "";
			targets = (
				F839AE9B2666476300CC44C3 /* OnlineShopIOS */,
			);
		};
/* End PBXProject section */

/* Begin PBXResourcesBuildPhase section */
		F839AE9A2666476300CC44C3 /* Resources */ = {
			isa = PBXResourcesBuildPhase;
			buildActionMask = 2147483647;
			files = (
				116112842681DF92004AB021 /* DetailViewController.storyboard in Resources */,
				F839AEAC2666476400CC44C3 /* LaunchScreen.storyboard in Resources */,
				F839AEA92666476400CC44C3 /* Assets.xcassets in Resources */,
				F839AEA72666476300CC44C3 /* Main.storyboard in Resources */,
			);
			runOnlyForDeploymentPostprocessing = 0;
		};
/* End PBXResourcesBuildPhase section */

/* Begin PBXShellScriptBuildPhase section */
		F8532B67266649AB0002C77A /* Swiftlint */ = {
			isa = PBXShellScriptBuildPhase;
			buildActionMask = 2147483647;
			files = (
			);
			inputFileListPaths = (
			);
			inputPaths = (
			);
			name = Swiftlint;
			outputFileListPaths = (
			);
			outputPaths = (
			);
			runOnlyForDeploymentPostprocessing = 0;
			shellPath = /bin/sh;
			shellScript = "if which swiftlint >/dev/null; then\n  swiftlint\nelse\n  echo \"warning: SwiftLint not installed, download from https://github.com/realm/SwiftLint\"\nfi\n";
		};
/* End PBXShellScriptBuildPhase section */

/* Begin PBXSourcesBuildPhase section */
		F839AE982666476300CC44C3 /* Sources */ = {
			isa = PBXSourcesBuildPhase;
			buildActionMask = 2147483647;
			files = (
				11999EED2680ADFA00BF7496 /* NetworkServiceContract.swift in Sources */,
				F86A3D84266F601000A519AF /* NetworkService.swift in Sources */,
				F8532B6926667A220002C77A /* CartViewController.swift in Sources */,
				F8183F4E266A26DF0098CE60 /* Product.swift in Sources */,
				1111B89F26836E400093D994 /* DetailProductViewPresenterContract.swift in Sources */,
				113531FB267A04F0006245F1 /* ProductsScreenContract.swift in Sources */,
				F839AEA42666476300CC44C3 /* ProductViewController.swift in Sources */,
				F86A3D88266F639600A519AF /* ExtensionDataSource.swift in Sources */,
				F839AEA42666476300CC44C3 /* ProductViewController.swift in Sources */,
				113531CF2678E962006245F1 /* ExtensionDelegate.swift in Sources */,
				11AD86AE268C626400B8B54F /* UIViewController_activity.swift in Sources */,
				F8D9EFA9268F1E7100BBB376 /* UIScrollView_refresh.swift in Sources */,
				11999EE92680AD0400BF7496 /* RoutingContract.swift in Sources */,
				F880B5FB266DF5E5000EDA09 /* ProductListPresenter.swift in Sources */,
				F839AEA02666476300CC44C3 /* AppDelegate.swift in Sources */,
				11999EF92680CC2200BF7496 /* DetailViewController.swift in Sources */,
				F85B79FE26676C9D00368F65 /* HistoryViewController.swift in Sources */,
				11E4F28926807F7600B5FC4E /* Router.swift in Sources */,
				F8D4BC062668DC0700D537BF /* TabBarViewController.swift in Sources */,
				1111B89C268332A80093D994 /* DetailProductPresenter.swift in Sources */,
				F86A3D8F266F6B3400A519AF /* ProductCollectionViewCell.swift in Sources */,
				11999EEB2680AD1E00BF7496 /* BuilderContract.swift in Sources */,
				F839AEA22666476300CC44C3 /* SceneDelegate.swift in Sources */,
				113531C42678D97B006245F1 /* AssemblyModuleBuilder.swift in Sources */,
			);
			runOnlyForDeploymentPostprocessing = 0;
		};
/* End PBXSourcesBuildPhase section */

/* Begin PBXVariantGroup section */
		F839AEA52666476300CC44C3 /* Main.storyboard */ = {
			isa = PBXVariantGroup;
			children = (
				F839AEA62666476300CC44C3 /* Base */,
			);
			name = Main.storyboard;
			sourceTree = "<group>";
		};
		F839AEAA2666476400CC44C3 /* LaunchScreen.storyboard */ = {
			isa = PBXVariantGroup;
			children = (
				F839AEAB2666476400CC44C3 /* Base */,
			);
			name = LaunchScreen.storyboard;
			sourceTree = "<group>";
		};
/* End PBXVariantGroup section */

/* Begin XCBuildConfiguration section */
		F839AEAE2666476400CC44C3 /* Debug */ = {
			isa = XCBuildConfiguration;
			buildSettings = {
				ALWAYS_SEARCH_USER_PATHS = NO;
				CLANG_ANALYZER_NONNULL = YES;
				CLANG_ANALYZER_NUMBER_OBJECT_CONVERSION = YES_AGGRESSIVE;
				CLANG_CXX_LANGUAGE_STANDARD = "gnu++14";
				CLANG_CXX_LIBRARY = "libc++";
				CLANG_ENABLE_MODULES = YES;
				CLANG_ENABLE_OBJC_ARC = YES;
				CLANG_ENABLE_OBJC_WEAK = YES;
				CLANG_WARN_BLOCK_CAPTURE_AUTORELEASING = YES;
				CLANG_WARN_BOOL_CONVERSION = YES;
				CLANG_WARN_COMMA = YES;
				CLANG_WARN_CONSTANT_CONVERSION = YES;
				CLANG_WARN_DEPRECATED_OBJC_IMPLEMENTATIONS = YES;
				CLANG_WARN_DIRECT_OBJC_ISA_USAGE = YES_ERROR;
				CLANG_WARN_DOCUMENTATION_COMMENTS = YES;
				CLANG_WARN_EMPTY_BODY = YES;
				CLANG_WARN_ENUM_CONVERSION = YES;
				CLANG_WARN_INFINITE_RECURSION = YES;
				CLANG_WARN_INT_CONVERSION = YES;
				CLANG_WARN_NON_LITERAL_NULL_CONVERSION = YES;
				CLANG_WARN_OBJC_IMPLICIT_RETAIN_SELF = YES;
				CLANG_WARN_OBJC_LITERAL_CONVERSION = YES;
				CLANG_WARN_OBJC_ROOT_CLASS = YES_ERROR;
				CLANG_WARN_QUOTED_INCLUDE_IN_FRAMEWORK_HEADER = YES;
				CLANG_WARN_RANGE_LOOP_ANALYSIS = YES;
				CLANG_WARN_STRICT_PROTOTYPES = YES;
				CLANG_WARN_SUSPICIOUS_MOVE = YES;
				CLANG_WARN_UNGUARDED_AVAILABILITY = YES_AGGRESSIVE;
				CLANG_WARN_UNREACHABLE_CODE = YES;
				CLANG_WARN__DUPLICATE_METHOD_MATCH = YES;
				COPY_PHASE_STRIP = NO;
				DEBUG_INFORMATION_FORMAT = dwarf;
				ENABLE_STRICT_OBJC_MSGSEND = YES;
				ENABLE_TESTABILITY = YES;
				GCC_C_LANGUAGE_STANDARD = gnu11;
				GCC_DYNAMIC_NO_PIC = NO;
				GCC_NO_COMMON_BLOCKS = YES;
				GCC_OPTIMIZATION_LEVEL = 0;
				GCC_PREPROCESSOR_DEFINITIONS = (
					"DEBUG=1",
					"$(inherited)",
				);
				GCC_WARN_64_TO_32_BIT_CONVERSION = YES;
				GCC_WARN_ABOUT_RETURN_TYPE = YES_ERROR;
				GCC_WARN_UNDECLARED_SELECTOR = YES;
				GCC_WARN_UNINITIALIZED_AUTOS = YES_AGGRESSIVE;
				GCC_WARN_UNUSED_FUNCTION = YES;
				GCC_WARN_UNUSED_VARIABLE = YES;
				IPHONEOS_DEPLOYMENT_TARGET = 14.5;
				MTL_ENABLE_DEBUG_INFO = INCLUDE_SOURCE;
				MTL_FAST_MATH = YES;
				ONLY_ACTIVE_ARCH = YES;
				SDKROOT = iphoneos;
				SWIFT_ACTIVE_COMPILATION_CONDITIONS = DEBUG;
				SWIFT_OPTIMIZATION_LEVEL = "-Onone";
			};
			name = Debug;
		};
		F839AEAF2666476400CC44C3 /* Release */ = {
			isa = XCBuildConfiguration;
			buildSettings = {
				ALWAYS_SEARCH_USER_PATHS = NO;
				CLANG_ANALYZER_NONNULL = YES;
				CLANG_ANALYZER_NUMBER_OBJECT_CONVERSION = YES_AGGRESSIVE;
				CLANG_CXX_LANGUAGE_STANDARD = "gnu++14";
				CLANG_CXX_LIBRARY = "libc++";
				CLANG_ENABLE_MODULES = YES;
				CLANG_ENABLE_OBJC_ARC = YES;
				CLANG_ENABLE_OBJC_WEAK = YES;
				CLANG_WARN_BLOCK_CAPTURE_AUTORELEASING = YES;
				CLANG_WARN_BOOL_CONVERSION = YES;
				CLANG_WARN_COMMA = YES;
				CLANG_WARN_CONSTANT_CONVERSION = YES;
				CLANG_WARN_DEPRECATED_OBJC_IMPLEMENTATIONS = YES;
				CLANG_WARN_DIRECT_OBJC_ISA_USAGE = YES_ERROR;
				CLANG_WARN_DOCUMENTATION_COMMENTS = YES;
				CLANG_WARN_EMPTY_BODY = YES;
				CLANG_WARN_ENUM_CONVERSION = YES;
				CLANG_WARN_INFINITE_RECURSION = YES;
				CLANG_WARN_INT_CONVERSION = YES;
				CLANG_WARN_NON_LITERAL_NULL_CONVERSION = YES;
				CLANG_WARN_OBJC_IMPLICIT_RETAIN_SELF = YES;
				CLANG_WARN_OBJC_LITERAL_CONVERSION = YES;
				CLANG_WARN_OBJC_ROOT_CLASS = YES_ERROR;
				CLANG_WARN_QUOTED_INCLUDE_IN_FRAMEWORK_HEADER = YES;
				CLANG_WARN_RANGE_LOOP_ANALYSIS = YES;
				CLANG_WARN_STRICT_PROTOTYPES = YES;
				CLANG_WARN_SUSPICIOUS_MOVE = YES;
				CLANG_WARN_UNGUARDED_AVAILABILITY = YES_AGGRESSIVE;
				CLANG_WARN_UNREACHABLE_CODE = YES;
				CLANG_WARN__DUPLICATE_METHOD_MATCH = YES;
				COPY_PHASE_STRIP = NO;
				DEBUG_INFORMATION_FORMAT = "dwarf-with-dsym";
				ENABLE_NS_ASSERTIONS = NO;
				ENABLE_STRICT_OBJC_MSGSEND = YES;
				GCC_C_LANGUAGE_STANDARD = gnu11;
				GCC_NO_COMMON_BLOCKS = YES;
				GCC_WARN_64_TO_32_BIT_CONVERSION = YES;
				GCC_WARN_ABOUT_RETURN_TYPE = YES_ERROR;
				GCC_WARN_UNDECLARED_SELECTOR = YES;
				GCC_WARN_UNINITIALIZED_AUTOS = YES_AGGRESSIVE;
				GCC_WARN_UNUSED_FUNCTION = YES;
				GCC_WARN_UNUSED_VARIABLE = YES;
				IPHONEOS_DEPLOYMENT_TARGET = 14.5;
				MTL_ENABLE_DEBUG_INFO = NO;
				MTL_FAST_MATH = YES;
				SDKROOT = iphoneos;
				SWIFT_COMPILATION_MODE = wholemodule;
				SWIFT_OPTIMIZATION_LEVEL = "-O";
				VALIDATE_PRODUCT = YES;
			};
			name = Release;
		};
		F839AEB12666476400CC44C3 /* Debug */ = {
			isa = XCBuildConfiguration;
			buildSettings = {
				ASSETCATALOG_COMPILER_APPICON_NAME = AppIcon;
				ASSETCATALOG_COMPILER_GLOBAL_ACCENT_COLOR_NAME = AccentColor;
				CODE_SIGN_STYLE = Automatic;
				DEVELOPMENT_TEAM = 23LWN74XLQ;
				INFOPLIST_FILE = OnlineShopIOS/SupportingFiles/Info.plist;
				LD_RUNPATH_SEARCH_PATHS = (
					"$(inherited)",
					"@executable_path/Frameworks",
				);
				PRODUCT_BUNDLE_IDENTIFIER = Akvelon.OnlineShopIOS;
				PRODUCT_NAME = "$(TARGET_NAME)";
				SWIFT_VERSION = 5.0;
				TARGETED_DEVICE_FAMILY = "1,2";
			};
			name = Debug;
		};
		F839AEB22666476400CC44C3 /* Release */ = {
			isa = XCBuildConfiguration;
			buildSettings = {
				ASSETCATALOG_COMPILER_APPICON_NAME = AppIcon;
				ASSETCATALOG_COMPILER_GLOBAL_ACCENT_COLOR_NAME = AccentColor;
				CODE_SIGN_STYLE = Automatic;
				DEVELOPMENT_TEAM = 23LWN74XLQ;
				INFOPLIST_FILE = OnlineShopIOS/SupportingFiles/Info.plist;
				LD_RUNPATH_SEARCH_PATHS = (
					"$(inherited)",
					"@executable_path/Frameworks",
				);
				PRODUCT_BUNDLE_IDENTIFIER = Akvelon.OnlineShopIOS;
				PRODUCT_NAME = "$(TARGET_NAME)";
				SWIFT_VERSION = 5.0;
				TARGETED_DEVICE_FAMILY = "1,2";
			};
			name = Release;
		};
/* End XCBuildConfiguration section */

/* Begin XCConfigurationList section */
		F839AE972666476300CC44C3 /* Build configuration list for PBXProject "OnlineShopIOS" */ = {
			isa = XCConfigurationList;
			buildConfigurations = (
				F839AEAE2666476400CC44C3 /* Debug */,
				F839AEAF2666476400CC44C3 /* Release */,
			);
			defaultConfigurationIsVisible = 0;
			defaultConfigurationName = Release;
		};
		F839AEB02666476400CC44C3 /* Build configuration list for PBXNativeTarget "OnlineShopIOS" */ = {
			isa = XCConfigurationList;
			buildConfigurations = (
				F839AEB12666476400CC44C3 /* Debug */,
				F839AEB22666476400CC44C3 /* Release */,
			);
			defaultConfigurationIsVisible = 0;
			defaultConfigurationName = Release;
		};
/* End XCConfigurationList section */
	};
	rootObject = F839AE942666476300CC44C3 /* Project object */;
}
